
Microsoft Visual Studio Solution File, Format Version 12.00
# Visual Studio 15
VisualStudioVersion = 15.0.35213.121
MinimumVisualStudioVersion = 10.0.40219.1
Project("{FAE04EC0-301F-11D3-BF4B-00C04F79EFBC}") = "TİC", "TİC\TİC.csproj", "{B1B3A06D-029A-4E27-AA5E-D13B3A46A71D}"
EndProject
Global
	GlobalSection(SolutionConfigurationPlatforms) = preSolution
		Debug|Any CPU = Debug|Any CPU
		Release|Any CPU = Release|Any CPU
	EndGlobalSection
	GlobalSection(ProjectConfigurationPlatforms) = postSolution
		{B1B3A06D-029A-4E27-AA5E-D13B3A46A71D}.Debug|Any CPU.ActiveCfg = Debug|Any CPU
		{B1B3A06D-029A-4E27-AA5E-D13B3A46A71D}.Debug|Any CPU.Build.0 = Debug|Any CPU
		{B1B3A06D-029A-4E27-AA5E-D13B3A46A71D}.Release|Any CPU.ActiveCfg = Release|Any CPU
		{B1B3A06D-029A-4E27-AA5E-D13B3A46A71D}.Release|Any CPU.Build.0 = Release|Any CPU
	EndGlobalSection
	GlobalSection(SolutionProperties) = preSolution
		HideSolutionNode = FALSE
	EndGlobalSection
	GlobalSection(ExtensibilityGlobals) = postSolution
		SolutionGuid = {0554FADC-FF47-498E-B1AC-7A687046233D}
	EndGlobalSection
EndGlobal
