
Microsoft Visual Studio Solution File, Format Version 12.00
# Visual Studio 15
VisualStudioVersion = 15.0.35213.121
MinimumVisualStudioVersion = 10.0.40219.1
Project("{FAE04EC0-301F-11D3-BF4B-00C04F79EFBC}") = "CarGame", "CarGame\CarGame.csproj", "{4740C16D-B13F-4AE6-BC58-DE1B3726D906}"
EndProject
Global
	GlobalSection(SolutionConfigurationPlatforms) = preSolution
		Debug|Any CPU = Debug|Any CPU
		Release|Any CPU = Release|Any CPU
	EndGlobalSection
	GlobalSection(ProjectConfigurationPlatforms) = postSolution
		{4740C16D-B13F-4AE6-BC58-DE1B3726D906}.Debug|Any CPU.ActiveCfg = Debug|Any CPU
		{4740C16D-B13F-4AE6-BC58-DE1B3726D906}.Debug|Any CPU.Build.0 = Debug|Any CPU
		{4740C16D-B13F-4AE6-BC58-DE1B3726D906}.Release|Any CPU.ActiveCfg = Release|Any CPU
		{4740C16D-B13F-4AE6-BC58-DE1B3726D906}.Release|Any CPU.Build.0 = Release|Any CPU
	EndGlobalSection
	GlobalSection(SolutionProperties) = preSolution
		HideSolutionNode = FALSE
	EndGlobalSection
	GlobalSection(ExtensibilityGlobals) = postSolution
		SolutionGuid = {EB5E7B1F-C0C7-45AD-B221-BBCCA8C4E2CE}
	EndGlobalSection
EndGlobal
